<?xml version="1.0" encoding="utf-8"?>
<Project ToolsVersion="4.0" xmlns="http://schemas.microsoft.com/developer/msbuild/2003">
  <ItemGroup>
    <Filter Include="Source Files">
      <UniqueIdentifier>{4FC737F1-C7A5-4376-A066-2A32D752A2FF}</UniqueIdentifier>
      <Extensions>cpp;c;cc;cxx;c++;cppm;ixx;def;odl;idl;hpj;bat;asm;asmx</Extensions>
    </Filter>
    <Filter Include="Header Files">
      <UniqueIdentifier>{93995380-89BD-4b04-88EB-625FBE52EBFB}</UniqueIdentifier>
      <Extensions>h;hh;hpp;hxx;h++;hm;inl;inc;ipp;xsd</Extensions>
    </Filter>
    <Filter Include="Resource Files">
      <UniqueIdentifier>{67DA6AB6-F800-4c08-8B7A-83BB121AAD01}</UniqueIdentifier>
      <Extensions>rc;ico;cur;bmp;dlg;rc2;rct;bin;rgs;gif;jpg;jpeg;jpe;resx;tiff;tif;png;wav;mfcribbon-ms</Extensions>
    </Filter>
  </ItemGroup>
  <ItemGroup>
    <ClCompile Include="main.cpp">
      <Filter>Source Files</Filter>
    </ClCompile>
    <ClCompile Include="interface\cli\cli.cpp">
      <Filter>Source Files</Filter>
    </ClCompile>
    <ClCompile Include="mgs\archive\slot\slot.cpp">
      <Filter>Source Files</Filter>
    </ClCompile>
    <ClCompile Include="mgs\config\cnf.cpp">
      <Filter>Source Files</Filter>
    </ClCompile>
    <ClCompile Include="mgs\common\decryptor\decryptor.cpp">
      <Filter>Source Files</Filter>
    </ClCompile>
    <ClCompile Include="mgs\archive\slot\stage\stage.cpp">
      <Filter>Source Files</Filter>
    </ClCompile>
    <ClCompile Include="mgs\3rdparty\zlib\wrapper\ZlibWrapper.cpp">
      <Filter>Source Files</Filter>
    </ClCompile>
    <ClCompile Include="dictionary\dictionary.cpp">
      <Filter>Source Files</Filter>
    </ClCompile>
    <ClCompile Include="mgs\archive\qar\qar.cpp">
      <Filter>Source Files</Filter>
    </ClCompile>
    <ClCompile Include="mgs\archive\dar\dar.cpp">
      <Filter>Source Files</Filter>
    </ClCompile>
  </ItemGroup>
  <ItemGroup>
    <ClInclude Include="interface\cli\cli.h">
      <Filter>Header Files</Filter>
    </ClInclude>
    <ClInclude Include="mgs\archive\slot\slot.h">
      <Filter>Header Files</Filter>
    </ClInclude>
    <ClInclude Include="mgs\config\cnf.h">
      <Filter>Header Files</Filter>
    </ClInclude>
    <ClInclude Include="mgs\common\decryptor\decryptor.h">
      <Filter>Header Files</Filter>
    </ClInclude>
    <ClInclude Include="mgs\common\ext_table.h">
      <Filter>Header Files</Filter>
    </ClInclude>
    <ClInclude Include="mgs\common\fileutil.h">
      <Filter>Header Files</Filter>
    </ClInclude>
    <ClInclude Include="mgs\common\strcode.h">
      <Filter>Header Files</Filter>
    </ClInclude>
    <ClInclude Include="mgs\common\util.h">
      <Filter>Header Files</Filter>
    </ClInclude>
    <ClInclude Include="mgs\archive\slot\stage\stage.h">
      <Filter>Header Files</Filter>
    </ClInclude>
    <ClInclude Include="mgs\3rdparty\zlib\wrapper\ZlibWrapper.h">
      <Filter>Header Files</Filter>
    </ClInclude>
    <ClInclude Include="mgs\3rdparty\zlib\zconf.h">
      <Filter>Header Files</Filter>
    </ClInclude>
    <ClInclude Include="mgs\3rdparty\zlib\zlib.h">
      <Filter>Header Files</Filter>
    </ClInclude>
    <ClInclude Include="dictionary\dictionary.h">
      <Filter>Header Files</Filter>
    </ClInclude>
    <ClInclude Include="mgs\archive\dar\dar.h">
      <Filter>Header Files</Filter>
    </ClInclude>
    <ClInclude Include="mgs\archive\qar\qar.h">
      <Filter>Header Files</Filter>
    </ClInclude>
    <ClInclude Include="mgs\archive\archive.h">
      <Filter>Header Files</Filter>
    </ClInclude>
  </ItemGroup>
  <ItemGroup>
    <Library Include="mgs\3rdparty\zlib\zlib.lib" />
  </ItemGroup>
</Project>